
Microsoft Visual Studio Solution File, Format Version 12.00
Project("{FAE04EC0-301F-11D3-BF4B-00C04F79EFBC}") = "Smakolykytl2Epub", "Smakolykytl2Epub.csproj", "{F48BD0E8-B7F5-44E9-9548-CEDB89284A41}"
EndProject
Global
	GlobalSection(SolutionConfigurationPlatforms) = preSolution
		Debug|Any CPU = Debug|Any CPU
		Release|Any CPU = Release|Any CPU
	EndGlobalSection
	GlobalSection(ProjectConfigurationPlatforms) = postSolution
		{F48BD0E8-B7F5-44E9-9548-CEDB89284A41}.Debug|Any CPU.ActiveCfg = Debug|Any CPU
		{F48BD0E8-B7F5-44E9-9548-CEDB89284A41}.Debug|Any CPU.Build.0 = Debug|Any CPU
		{F48BD0E8-B7F5-44E9-9548-CEDB89284A41}.Release|Any CPU.ActiveCfg = Release|Any CPU
		{F48BD0E8-B7F5-44E9-9548-CEDB89284A41}.Release|Any CPU.Build.0 = Release|Any CPU
	EndGlobalSection
EndGlobal
